// !$*UTF8*$!
{
	archiveVersion = 1;
	classes = {
	};
	objectVersion = 46;
	objects = {

/* Begin PBXBuildFile section */
		9C5383471F15CAED002037F0 /* AppDelegate.swift in Sources */ = {isa = PBXBuildFile; fileRef = 9C5383461F15CAED002037F0 /* AppDelegate.swift */; };
		9C5383491F15CAED002037F0 /* ViewController.swift in Sources */ = {isa = PBXBuildFile; fileRef = 9C5383481F15CAED002037F0 /* ViewController.swift */; };
		9C53834C1F15CAED002037F0 /* Main.storyboard in Resources */ = {isa = PBXBuildFile; fileRef = 9C53834A1F15CAED002037F0 /* Main.storyboard */; };
		9C53834E1F15CAED002037F0 /* Assets.xcassets in Resources */ = {isa = PBXBuildFile; fileRef = 9C53834D1F15CAED002037F0 /* Assets.xcassets */; };
		9C5383511F15CAED002037F0 /* LaunchScreen.storyboard in Resources */ = {isa = PBXBuildFile; fileRef = 9C53834F1F15CAED002037F0 /* LaunchScreen.storyboard */; };
		9C53835C1F15CAED002037F0 /* KVOController_swiftTests.swift in Sources */ = {isa = PBXBuildFile; fileRef = 9C53835B1F15CAED002037F0 /* KVOController_swiftTests.swift */; };
		9C5383671F15CAED002037F0 /* KVOController_swiftUITests.swift in Sources */ = {isa = PBXBuildFile; fileRef = 9C5383661F15CAED002037F0 /* KVOController_swiftUITests.swift */; };
/* End PBXBuildFile section */

/* Begin PBXContainerItemProxy section */
		9C5383581F15CAED002037F0 /* PBXContainerItemProxy */ = {
			isa = PBXContainerItemProxy;
			containerPortal = 9C53833B1F15CAED002037F0 /* Project object */;
			proxyType = 1;
			remoteGlobalIDString = 9C5383421F15CAED002037F0;
			remoteInfo = "KVOController-swift";
		};
		9C5383631F15CAED002037F0 /* PBXContainerItemProxy */ = {
			isa = PBXContainerItemProxy;
			containerPortal = 9C53833B1F15CAED002037F0 /* Project object */;
			proxyType = 1;
			remoteGlobalIDString = 9C5383421F15CAED002037F0;
			remoteInfo = "KVOController-swift";
		};
/* End PBXContainerItemProxy section */

/* Begin PBXFileReference section */
		9C5383431F15CAED002037F0 /* KVOController-swift.app */ = {isa = PBXFileReference; explicitFileType = wrapper.application; includeInIndex = 0; path = "KVOController-swift.app"; sourceTree = BUILT_PRODUCTS_DIR; };
		9C5383461F15CAED002037F0 /* AppDelegate.swift */ = {isa = PBXFileReference; lastKnownFileType = sourcecode.swift; path = AppDelegate.swift; sourceTree = "<group>"; };
		9C5383481F15CAED002037F0 /* ViewController.swift */ = {isa = PBXFileReference; lastKnownFileType = sourcecode.swift; path = ViewController.swift; sourceTree = "<group>"; };
		9C53834B1F15CAED002037F0 /* Base */ = {isa = PBXFileReference; lastKnownFileType = file.storyboard; name = Base; path = Base.lproj/Main.storyboard; sourceTree = "<group>"; };
		9C53834D1F15CAED002037F0 /* Assets.xcassets */ = {isa = PBXFileReference; lastKnownFileType = folder.assetcatalog; path = Assets.xcassets; sourceTree = "<group>"; };
		9C5383501F15CAED002037F0 /* Base */ = {isa = PBXFileReference; lastKnownFileType = file.storyboard; name = Base; path = Base.lproj/LaunchScreen.storyboard; sourceTree = "<group>"; };
		9C5383521F15CAED002037F0 /* Info.plist */ = {isa = PBXFileReference; lastKnownFileType = text.plist.xml; path = Info.plist; sourceTree = "<group>"; };
		9C5383571F15CAED002037F0 /* KVOController-swiftTests.xctest */ = {isa = PBXFileReference; explicitFileType = wrapper.cfbundle; includeInIndex = 0; path = "KVOController-swiftTests.xctest"; sourceTree = BUILT_PRODUCTS_DIR; };
		9C53835B1F15CAED002037F0 /* KVOController_swiftTests.swift */ = {isa = PBXFileReference; lastKnownFileType = sourcecode.swift; path = KVOController_swiftTests.swift; sourceTree = "<group>"; };
		9C53835D1F15CAED002037F0 /* Info.plist */ = {isa = PBXFileReference; lastKnownFileType = text.plist.xml; path = Info.plist; sourceTree = "<group>"; };
		9C5383621F15CAED002037F0 /* KVOController-swiftUITests.xctest */ = {isa = PBXFileReference; explicitFileType = wrapper.cfbundle; includeInIndex = 0; path = "KVOController-swiftUITests.xctest"; sourceTree = BUILT_PRODUCTS_DIR; };
		9C5383661F15CAED002037F0 /* KVOController_swiftUITests.swift */ = {isa = PBXFileReference; lastKnownFileType = sourcecode.swift; path = KVOController_swiftUITests.swift; sourceTree = "<group>"; };
		9C5383681F15CAED002037F0 /* Info.plist */ = {isa = PBXFileReference; lastKnownFileType = text.plist.xml; path = Info.plist; sourceTree = "<group>"; };
/* End PBXFileReference section */

/* Begin PBXFrameworksBuildPhase section */
		9C5383401F15CAED002037F0 /* Frameworks */ = {
			isa = PBXFrameworksBuildPhase;
			buildActionMask = 2147483647;
			files = (
			);
			runOnlyForDeploymentPostprocessing = 0;
		};
		9C5383541F15CAED002037F0 /* Frameworks */ = {
			isa = PBXFrameworksBuildPhase;
			buildActionMask = 2147483647;
			files = (
			);
			runOnlyForDeploymentPostprocessing = 0;
		};
		9C53835F1F15CAED002037F0 /* Frameworks */ = {
			isa = PBXFrameworksBuildPhase;
			buildActionMask = 2147483647;
			files = (
			);
			runOnlyForDeploymentPostprocessing = 0;
		};
/* End PBXFrameworksBuildPhase section */

/* Begin PBXGroup section */
		9C53833A1F15CAED002037F0 = {
			isa = PBXGroup;
			children = (
				9C5383451F15CAED002037F0 /* KVOController-swift */,
				9C53835A1F15CAED002037F0 /* KVOController-swiftTests */,
				9C5383651F15CAED002037F0 /* KVOController-swiftUITests */,
				9C5383441F15CAED002037F0 /* Products */,
			);
			sourceTree = "<group>";
		};
		9C5383441F15CAED002037F0 /* Products */ = {
			isa = PBXGroup;
			children = (
				9C5383431F15CAED002037F0 /* KVOController-swift.app */,
				9C5383571F15CAED002037F0 /* KVOController-swiftTests.xctest */,
				9C5383621F15CAED002037F0 /* KVOController-swiftUITests.xctest */,
			);
			name = Products;
			sourceTree = "<group>";
		};
		9C5383451F15CAED002037F0 /* KVOController-swift */ = {
			isa = PBXGroup;
			children = (
				9C5383461F15CAED002037F0 /* AppDelegate.swift */,
				9C5383481F15CAED002037F0 /* ViewController.swift */,
				9C53834A1F15CAED002037F0 /* Main.storyboard */,
				9C53834D1F15CAED002037F0 /* Assets.xcassets */,
				9C53834F1F15CAED002037F0 /* LaunchScreen.storyboard */,
				9C5383521F15CAED002037F0 /* Info.plist */,
			);
			path = "KVOController-swift";
			sourceTree = "<group>";
		};
		9C53835A1F15CAED002037F0 /* KVOController-swiftTests */ = {
			isa = PBXGroup;
			children = (
				9C53835B1F15CAED002037F0 /* KVOController_swiftTests.swift */,
				9C53835D1F15CAED002037F0 /* Info.plist */,
			);
			path = "KVOController-swiftTests";
			sourceTree = "<group>";
		};
		9C5383651F15CAED002037F0 /* KVOController-swiftUITests */ = {
			isa = PBXGroup;
			children = (
				9C5383661F15CAED002037F0 /* KVOController_swiftUITests.swift */,
				9C5383681F15CAED002037F0 /* Info.plist */,
			);
			path = "KVOController-swiftUITests";
			sourceTree = "<group>";
		};
/* End PBXGroup section */

/* Begin PBXNativeTarget section */
		9C5383421F15CAED002037F0 /* KVOController-swift */ = {
			isa = PBXNativeTarget;
			buildConfigurationList = 9C53836B1F15CAED002037F0 /* Build configuration list for PBXNativeTarget "KVOController-swift" */;
			buildPhases = (
				9C53833F1F15CAED002037F0 /* Sources */,
				9C5383401F15CAED002037F0 /* Frameworks */,
				9C5383411F15CAED002037F0 /* Resources */,
			);
			buildRules = (
			);
			dependencies = (
			);
			name = "KVOController-swift";
			productName = "KVOController-swift";
			productReference = 9C5383431F15CAED002037F0 /* KVOController-swift.app */;
			productType = "com.apple.product-type.application";
		};
		9C5383561F15CAED002037F0 /* KVOController-swiftTests */ = {
			isa = PBXNativeTarget;
			buildConfigurationList = 9C53836E1F15CAED002037F0 /* Build configuration list for PBXNativeTarget "KVOController-swiftTests" */;
			buildPhases = (
				9C5383531F15CAED002037F0 /* Sources */,
				9C5383541F15CAED002037F0 /* Frameworks */,
				9C5383551F15CAED002037F0 /* Resources */,
			);
			buildRules = (
			);
			dependencies = (
				9C5383591F15CAED002037F0 /* PBXTargetDependency */,
			);
			name = "KVOController-swiftTests";
			productName = "KVOController-swiftTests";
			productReference = 9C5383571F15CAED002037F0 /* KVOController-swiftTests.xctest */;
			productType = "com.apple.product-type.bundle.unit-test";
		};
		9C5383611F15CAED002037F0 /* KVOController-swiftUITests */ = {
			isa = PBXNativeTarget;
			buildConfigurationList = 9C5383711F15CAED002037F0 /* Build configuration list for PBXNativeTarget "KVOController-swiftUITests" */;
			buildPhases = (
				9C53835E1F15CAED002037F0 /* Sources */,
				9C53835F1F15CAED002037F0 /* Frameworks */,
				9C5383601F15CAED002037F0 /* Resources */,
			);
			buildRules = (
			);
			dependencies = (
				9C5383641F15CAED002037F0 /* PBXTargetDependency */,
			);
			name = "KVOController-swiftUITests";
			productName = "KVOController-swiftUITests";
			productReference = 9C5383621F15CAED002037F0 /* KVOController-swiftUITests.xctest */;
			productType = "com.apple.product-type.bundle.ui-testing";
		};
/* End PBXNativeTarget section */

/* Begin PBXProject section */
		9C53833B1F15CAED002037F0 /* Project object */ = {
			isa = PBXProject;
			attributes = {
				LastSwiftUpdateCheck = 0830;
				LastUpgradeCheck = 0830;
				ORGANIZATIONNAME = "李应鹏";
				TargetAttributes = {
					9C5383421F15CAED002037F0 = {
						CreatedOnToolsVersion = 8.3;
						ProvisioningStyle = Automatic;
					};
					9C5383561F15CAED002037F0 = {
						CreatedOnToolsVersion = 8.3;
						ProvisioningStyle = Automatic;
						TestTargetID = 9C5383421F15CAED002037F0;
					};
					9C5383611F15CAED002037F0 = {
						CreatedOnToolsVersion = 8.3;
						ProvisioningStyle = Automatic;
						TestTargetID = 9C5383421F15CAED002037F0;
					};
				};
			};
			buildConfigurationList = 9C53833E1F15CAED002037F0 /* Build configuration list for PBXProject "KVOController-swift" */;
			compatibilityVersion = "Xcode 3.2";
			developmentRegion = English;
			hasScannedForEncodings = 0;
			knownRegions = (
				en,
				Base,
			);
			mainGroup = 9C53833A1F15CAED002037F0;
			productRefGroup = 9C5383441F15CAED002037F0 /* Products */;
			projectDirPath = "";
			projectRoot = "";
			targets = (
				9C5383421F15CAED002037F0 /* KVOController-swift */,
				9C5383561F15CAED002037F0 /* KVOController-swiftTests */,
				9C5383611F15CAED002037F0 /* KVOController-swiftUITests */,
			);
		};
/* End PBXProject section */

/* Begin PBXResourcesBuildPhase section */
		9C5383411F15CAED002037F0 /* Resources */ = {
			isa = PBXResourcesBuildPhase;
			buildActionMask = 2147483647;
			files = (
				9C5383511F15CAED002037F0 /* LaunchScreen.storyboard in Resources */,
				9C53834E1F15CAED002037F0 /* Assets.xcassets in Resources */,
				9C53834C1F15CAED002037F0 /* Main.storyboard in Resources */,
			);
			runOnlyForDeploymentPostprocessing = 0;
		};
		9C5383551F15CAED002037F0 /* Resources */ = {
			isa = PBXResourcesBuildPhase;
			buildActionMask = 2147483647;
			files = (
			);
			runOnlyForDeploymentPostprocessing = 0;
		};
		9C5383601F15CAED002037F0 /* Resources */ = {
			isa = PBXResourcesBuildPhase;
			buildActionMask = 2147483647;
			files = (
			);
			runOnlyForDeploymentPostprocessing = 0;
		};
/* End PBXResourcesBuildPhase section */

/* Begin PBXSourcesBuildPhase section */
		9C53833F1F15CAED002037F0 /* Sources */ = {
			isa = PBXSourcesBuildPhase;
			buildActionMask = 2147483647;
			files = (
				9C5383491F15CAED002037F0 /* ViewController.swift in Sources */,
				9C5383471F15CAED002037F0 /* AppDelegate.swift in Sources */,
			);
			runOnlyForDeploymentPostprocessing = 0;
		};
		9C5383531F15CAED002037F0 /* Sources */ = {
			isa = PBXSourcesBuildPhase;
			buildActionMask = 2147483647;
			files = (
				9C53835C1F15CAED002037F0 /* KVOController_swiftTests.swift in Sources */,
			);
			runOnlyForDeploymentPostprocessing = 0;
		};
		9C53835E1F15CAED002037F0 /* Sources */ = {
			isa = PBXSourcesBuildPhase;
			buildActionMask = 2147483647;
			files = (
				9C5383671F15CAED002037F0 /* KVOController_swiftUITests.swift in Sources */,
			);
			runOnlyForDeploymentPostprocessing = 0;
		};
/* End PBXSourcesBuildPhase section */

/* Begin PBXTargetDependency section */
		9C5383591F15CAED002037F0 /* PBXTargetDependency */ = {
			isa = PBXTargetDependency;
			target = 9C5383421F15CAED002037F0 /* KVOController-swift */;
			targetProxy = 9C5383581F15CAED002037F0 /* PBXContainerItemProxy */;
		};
		9C5383641F15CAED002037F0 /* PBXTargetDependency */ = {
			isa = PBXTargetDependency;
			target = 9C5383421F15CAED002037F0 /* KVOController-swift */;
			targetProxy = 9C5383631F15CAED002037F0 /* PBXContainerItemProxy */;
		};
/* End PBXTargetDependency section */

/* Begin PBXVariantGroup section */
		9C53834A1F15CAED002037F0 /* Main.storyboard */ = {
			isa = PBXVariantGroup;
			children = (
				9C53834B1F15CAED002037F0 /* Base */,
			);
			name = Main.storyboard;
			sourceTree = "<group>";
		};
		9C53834F1F15CAED002037F0 /* LaunchScreen.storyboard */ = {
			isa = PBXVariantGroup;
			children = (
				9C5383501F15CAED002037F0 /* Base */,
			);
			name = LaunchScreen.storyboard;
			sourceTree = "<group>";
		};
/* End PBXVariantGroup section */

/* Begin XCBuildConfiguration section */
		9C5383691F15CAED002037F0 /* Debug */ = {
			isa = XCBuildConfiguration;
			buildSettings = {
				ALWAYS_SEARCH_USER_PATHS = NO;
				CLANG_ANALYZER_NONNULL = YES;
				CLANG_ANALYZER_NUMBER_OBJECT_CONVERSION = YES_AGGRESSIVE;
				CLANG_CXX_LANGUAGE_STANDARD = "gnu++0x";
				CLANG_CXX_LIBRARY = "libc++";
				CLANG_ENABLE_MODULES = YES;
				CLANG_ENABLE_OBJC_ARC = YES;
				CLANG_WARN_BOOL_CONVERSION = YES;
				CLANG_WARN_CONSTANT_CONVERSION = YES;
				CLANG_WARN_DIRECT_OBJC_ISA_USAGE = YES_ERROR;
				CLANG_WARN_DOCUMENTATION_COMMENTS = YES;
				CLANG_WARN_EMPTY_BODY = YES;
				CLANG_WARN_ENUM_CONVERSION = YES;
				CLANG_WARN_INFINITE_RECURSION = YES;
				CLANG_WARN_INT_CONVERSION = YES;
				CLANG_WARN_OBJC_ROOT_CLASS = YES_ERROR;
				CLANG_WARN_SUSPICIOUS_MOVE = YES;
				CLANG_WARN_UNREACHABLE_CODE = YES;
				CLANG_WARN__DUPLICATE_METHOD_MATCH = YES;
				"CODE_SIGN_IDENTITY[sdk=iphoneos*]" = "iPhone Developer";
				COPY_PHASE_STRIP = NO;
				DEBUG_INFORMATION_FORMAT = dwarf;
				ENABLE_STRICT_OBJC_MSGSEND = YES;
				ENABLE_TESTABILITY = YES;
				GCC_C_LANGUAGE_STANDARD = gnu99;
				GCC_DYNAMIC_NO_PIC = NO;
				GCC_NO_COMMON_BLOCKS = YES;
				GCC_OPTIMIZATION_LEVEL = 0;
				GCC_PREPROCESSOR_DEFINITIONS = (
					"DEBUG=1",
					"$(inherited)",
				);
				GCC_WARN_64_TO_32_BIT_CONVERSION = YES;
				GCC_WARN_ABOUT_RETURN_TYPE = YES_ERROR;
				GCC_WARN_UNDECLARED_SELECTOR = YES;
				GCC_WARN_UNINITIALIZED_AUTOS = YES_AGGRESSIVE;
				GCC_WARN_UNUSED_FUNCTION = YES;
				GCC_WARN_UNUSED_VARIABLE = YES;
				IPHONEOS_DEPLOYMENT_TARGET = 10.3;
				MTL_ENABLE_DEBUG_INFO = YES;
				ONLY_ACTIVE_ARCH = YES;
				SDKROOT = iphoneos;
				SWIFT_ACTIVE_COMPILATION_CONDITIONS = DEBUG;
				SWIFT_OPTIMIZATION_LEVEL = "-Onone";
				TARGETED_DEVICE_FAMILY = "1,2";
			};
			name = Debug;
		};
		9C53836A1F15CAED002037F0 /* Release */ = {
			isa = XCBuildConfiguration;
			buildSettings = {
				ALWAYS_SEARCH_USER_PATHS = NO;
				CLANG_ANALYZER_NONNULL = YES;
				CLANG_ANALYZER_NUMBER_OBJECT_CONVERSION = YES_AGGRESSIVE;
				CLANG_CXX_LANGUAGE_STANDARD = "gnu++0x";
				CLANG_CXX_LIBRARY = "libc++";
				CLANG_ENABLE_MODULES = YES;
				CLANG_ENABLE_OBJC_ARC = YES;
				CLANG_WARN_BOOL_CONVERSION = YES;
				CLANG_WARN_CONSTANT_CONVERSION = YES;
				CLANG_WARN_DIRECT_OBJC_ISA_USAGE = YES_ERROR;
				CLANG_WARN_DOCUMENTATION_COMMENTS = YES;
				CLANG_WARN_EMPTY_BODY = YES;
				CLANG_WARN_ENUM_CONVERSION = YES;
				CLANG_WARN_INFINITE_RECURSION = YES;
				CLANG_WARN_INT_CONVERSION = YES;
				CLANG_WARN_OBJC_ROOT_CLASS = YES_ERROR;
				CLANG_WARN_SUSPICIOUS_MOVE = YES;
				CLANG_WARN_UNREACHABLE_CODE = YES;
				CLANG_WARN__DUPLICATE_METHOD_MATCH = YES;
				"CODE_SIGN_IDENTITY[sdk=iphoneos*]" = "iPhone Developer";
				COPY_PHASE_STRIP = NO;
				DEBUG_INFORMATION_FORMAT = "dwarf-with-dsym";
				ENABLE_NS_ASSERTIONS = NO;
				ENABLE_STRICT_OBJC_MSGSEND = YES;
				GCC_C_LANGUAGE_STANDARD = gnu99;
				GCC_NO_COMMON_BLOCKS = YES;
				GCC_WARN_64_TO_32_BIT_CONVERSION = YES;
				GCC_WARN_ABOUT_RETURN_TYPE = YES_ERROR;
				GCC_WARN_UNDECLARED_SELECTOR = YES;
				GCC_WARN_UNINITIALIZED_AUTOS = YES_AGGRESSIVE;
				GCC_WARN_UNUSED_FUNCTION = YES;
				GCC_WARN_UNUSED_VARIABLE = YES;
				IPHONEOS_DEPLOYMENT_TARGET = 10.3;
				MTL_ENABLE_DEBUG_INFO = NO;
				SDKROOT = iphoneos;
				SWIFT_OPTIMIZATION_LEVEL = "-Owholemodule";
				TARGETED_DEVICE_FAMILY = "1,2";
				VALIDATE_PRODUCT = YES;
			};
			name = Release;
		};
		9C53836C1F15CAED002037F0 /* Debug */ = {
			isa = XCBuildConfiguration;
			buildSettings = {
				ASSETCATALOG_COMPILER_APPICON_NAME = AppIcon;
				INFOPLIST_FILE = "KVOController-swift/Info.plist";
				LD_RUNPATH_SEARCH_PATHS = "$(inherited) @executable_path/Frameworks";
				PRODUCT_BUNDLE_IDENTIFIER = "hello.KVOController-swift";
				PRODUCT_NAME = "$(TARGET_NAME)";
				SWIFT_VERSION = 3.0;
			};
			name = Debug;
		};
		9C53836D1F15CAED002037F0 /* Release */ = {
			isa = XCBuildConfiguration;
			buildSettings = {
				ASSETCATALOG_COMPILER_APPICON_NAME = AppIcon;
				INFOPLIST_FILE = "KVOController-swift/Info.plist";
				LD_RUNPATH_SEARCH_PATHS = "$(inherited) @executable_path/Frameworks";
				PRODUCT_BUNDLE_IDENTIFIER = "hello.KVOController-swift";
				PRODUCT_NAME = "$(TARGET_NAME)";
				SWIFT_VERSION = 3.0;
			};
			name = Release;
		};
		9C53836F1F15CAED002037F0 /* Debug */ = {
			isa = XCBuildConfiguration;
			buildSettings = {
				ALWAYS_EMBED_SWIFT_STANDARD_LIBRARIES = YES;
				BUNDLE_LOADER = "$(TEST_HOST)";
				INFOPLIST_FILE = "KVOController-swiftTests/Info.plist";
				LD_RUNPATH_SEARCH_PATHS = "$(inherited) @executable_path/Frameworks @loader_path/Frameworks";
				PRODUCT_BUNDLE_IDENTIFIER = "hello.KVOController-swiftTests";
				PRODUCT_NAME = "$(TARGET_NAME)";
				SWIFT_VERSION = 3.0;
				TEST_HOST = "$(BUILT_PRODUCTS_DIR)/KVOController-swift.app/KVOController-swift";
			};
			name = Debug;
		};
		9C5383701F15CAED002037F0 /* Release */ = {
			isa = XCBuildConfiguration;
			buildSettings = {
				ALWAYS_EMBED_SWIFT_STANDARD_LIBRARIES = YES;
				BUNDLE_LOADER = "$(TEST_HOST)";
				INFOPLIST_FILE = "KVOController-swiftTests/Info.plist";
				LD_RUNPATH_SEARCH_PATHS = "$(inherited) @executable_path/Frameworks @loader_path/Frameworks";
				PRODUCT_BUNDLE_IDENTIFIER = "hello.KVOController-swiftTests";
				PRODUCT_NAME = "$(TARGET_NAME)";
				SWIFT_VERSION = 3.0;
				TEST_HOST = "$(BUILT_PRODUCTS_DIR)/KVOController-swift.app/KVOController-swift";
			};
			name = Release;
		};
		9C5383721F15CAED002037F0 /* Debug */ = {
			isa = XCBuildConfiguration;
			buildSettings = {
				ALWAYS_EMBED_SWIFT_STANDARD_LIBRARIES = YES;
				INFOPLIST_FILE = "KVOController-swiftUITests/Info.plist";
				LD_RUNPATH_SEARCH_PATHS = "$(inherited) @executable_path/Frameworks @loader_path/Frameworks";
				PRODUCT_BUNDLE_IDENTIFIER = "hello.KVOController-swiftUITests";
				PRODUCT_NAME = "$(TARGET_NAME)";
				SWIFT_VERSION = 3.0;
				TEST_TARGET_NAME = "KVOController-swift";
			};
			name = Debug;
		};
		9C5383731F15CAED002037F0 /* Release */ = {
			isa = XCBuildConfiguration;
			buildSettings = {
				ALWAYS_EMBED_SWIFT_STANDARD_LIBRARIES = YES;
				INFOPLIST_FILE = "KVOController-swiftUITests/Info.plist";
				LD_RUNPATH_SEARCH_PATHS = "$(inherited) @executable_path/Frameworks @loader_path/Frameworks";
				PRODUCT_BUNDLE_IDENTIFIER = "hello.KVOController-swiftUITests";
				PRODUCT_NAME = "$(TARGET_NAME)";
				SWIFT_VERSION = 3.0;
				TEST_TARGET_NAME = "KVOController-swift";
			};
			name = Release;
		};
/* End XCBuildConfiguration section */

/* Begin XCConfigurationList section */
		9C53833E1F15CAED002037F0 /* Build configuration list for PBXProject "KVOController-swift" */ = {
			isa = XCConfigurationList;
			buildConfigurations = (
				9C5383691F15CAED002037F0 /* Debug */,
				9C53836A1F15CAED002037F0 /* Release */,
			);
			defaultConfigurationIsVisible = 0;
			defaultConfigurationName = Release;
		};
		9C53836B1F15CAED002037F0 /* Build configuration list for PBXNativeTarget "KVOController-swift" */ = {
			isa = XCConfigurationList;
			buildConfigurations = (
				9C53836C1F15CAED002037F0 /* Debug */,
				9C53836D1F15CAED002037F0 /* Release */,
			);
			defaultConfigurationIsVisible = 0;
		};
		9C53836E1F15CAED002037F0 /* Build configuration list for PBXNativeTarget "KVOController-swiftTests" */ = {
			isa = XCConfigurationList;
			buildConfigurations = (
				9C53836F1F15CAED002037F0 /* Debug */,
				9C5383701F15CAED002037F0 /* Release */,
			);
			defaultConfigurationIsVisible = 0;
		};
		9C5383711F15CAED002037F0 /* Build configuration list for PBXNativeTarget "KVOController-swiftUITests" */ = {
			isa = XCConfigurationList;
			buildConfigurations = (
				9C5383721F15CAED002037F0 /* Debug */,
				9C5383731F15CAED002037F0 /* Release */,
			);
			defaultConfigurationIsVisible = 0;
		};
/* End XCConfigurationList section */
	};
	rootObject = 9C53833B1F15CAED002037F0 /* Project object */;
}
